// !$*UTF8*$!
{
	archiveVersion = 1;
	classes = {
	};
	objectVersion = 50;
	objects = {

/* Begin PBXBuildFile section */
		28795F03266559BD00C969CA /* AppDelegate.swift in Sources */ = {isa = PBXBuildFile; fileRef = 28795F02266559BD00C969CA /* AppDelegate.swift */; };
		28795F05266559BD00C969CA /* SceneDelegate.swift in Sources */ = {isa = PBXBuildFile; fileRef = 28795F04266559BD00C969CA /* SceneDelegate.swift */; };
		28795F07266559BD00C969CA /* ViewController.swift in Sources */ = {isa = PBXBuildFile; fileRef = 28795F06266559BD00C969CA /* ViewController.swift */; };
		28795F0A266559BD00C969CA /* Main.storyboard in Resources */ = {isa = PBXBuildFile; fileRef = 28795F08266559BD00C969CA /* Main.storyboard */; };
		28795F0C266559BE00C969CA /* Assets.xcassets in Resources */ = {isa = PBXBuildFile; fileRef = 28795F0B266559BE00C969CA /* Assets.xcassets */; };
		28795F0F266559BE00C969CA /* LaunchScreen.storyboard in Resources */ = {isa = PBXBuildFile; fileRef = 28795F0D266559BE00C969CA /* LaunchScreen.storyboard */; };
		28795F1A26655A4600C969CA /* CommonUtils.swift in Sources */ = {isa = PBXBuildFile; fileRef = 28795F1926655A4600C969CA /* CommonUtils.swift */; };
		28795F2126655C9C00C969CA /* PhotoCellView.swift in Sources */ = {isa = PBXBuildFile; fileRef = 28795F2026655C9C00C969CA /* PhotoCellView.swift */; };
		28795F2426655E1200C969CA /* Photo.swift in Sources */ = {isa = PBXBuildFile; fileRef = 28795F2326655E1200C969CA /* Photo.swift */; };
		28795F27266563DE00C969CA /* AsyncPhotoUtils.swift in Sources */ = {isa = PBXBuildFile; fileRef = 28795F26266563DE00C969CA /* AsyncPhotoUtils.swift */; };
		7496DFAD93B23CE8B3E79315 /* Pods_asyncGallery.framework in Frameworks */ = {isa = PBXBuildFile; fileRef = 889B3D434A3B71A344867F12 /* Pods_asyncGallery.framework */; };
/* End PBXBuildFile section */

/* Begin PBXFileReference section */
		28795EFF266559BD00C969CA /* asyncGallery.app */ = {isa = PBXFileReference; explicitFileType = wrapper.application; includeInIndex = 0; path = asyncGallery.app; sourceTree = BUILT_PRODUCTS_DIR; };
		28795F02266559BD00C969CA /* AppDelegate.swift */ = {isa = PBXFileReference; lastKnownFileType = sourcecode.swift; path = AppDelegate.swift; sourceTree = "<group>"; };
		28795F04266559BD00C969CA /* SceneDelegate.swift */ = {isa = PBXFileReference; lastKnownFileType = sourcecode.swift; path = SceneDelegate.swift; sourceTree = "<group>"; };
		28795F06266559BD00C969CA /* ViewController.swift */ = {isa = PBXFileReference; lastKnownFileType = sourcecode.swift; path = ViewController.swift; sourceTree = "<group>"; };
		28795F09266559BD00C969CA /* Base */ = {isa = PBXFileReference; lastKnownFileType = file.storyboard; name = Base; path = Base.lproj/Main.storyboard; sourceTree = "<group>"; };
		28795F0B266559BE00C969CA /* Assets.xcassets */ = {isa = PBXFileReference; lastKnownFileType = folder.assetcatalog; path = Assets.xcassets; sourceTree = "<group>"; };
		28795F0E266559BE00C969CA /* Base */ = {isa = PBXFileReference; lastKnownFileType = file.storyboard; name = Base; path = Base.lproj/LaunchScreen.storyboard; sourceTree = "<group>"; };
		28795F10266559BE00C969CA /* Info.plist */ = {isa = PBXFileReference; lastKnownFileType = text.plist.xml; path = Info.plist; sourceTree = "<group>"; };
		28795F1926655A4600C969CA /* CommonUtils.swift */ = {isa = PBXFileReference; lastKnownFileType = sourcecode.swift; path = CommonUtils.swift; sourceTree = "<group>"; };
		28795F2026655C9C00C969CA /* PhotoCellView.swift */ = {isa = PBXFileReference; lastKnownFileType = sourcecode.swift; path = PhotoCellView.swift; sourceTree = "<group>"; };
		28795F2326655E1200C969CA /* Photo.swift */ = {isa = PBXFileReference; lastKnownFileType = sourcecode.swift; path = Photo.swift; sourceTree = "<group>"; };
		28795F26266563DE00C969CA /* AsyncPhotoUtils.swift */ = {isa = PBXFileReference; lastKnownFileType = sourcecode.swift; path = AsyncPhotoUtils.swift; sourceTree = "<group>"; };
		889B3D434A3B71A344867F12 /* Pods_asyncGallery.framework */ = {isa = PBXFileReference; explicitFileType = wrapper.framework; includeInIndex = 0; path = Pods_asyncGallery.framework; sourceTree = BUILT_PRODUCTS_DIR; };
		C6FDD3952F52B91FF472996D /* Pods-asyncGallery.debug.xcconfig */ = {isa = PBXFileReference; includeInIndex = 1; lastKnownFileType = text.xcconfig; name = "Pods-asyncGallery.debug.xcconfig"; path = "Target Support Files/Pods-asyncGallery/Pods-asyncGallery.debug.xcconfig"; sourceTree = "<group>"; };
		E4A8916C53FDAF6C2BC18B88 /* Pods-asyncGallery.release.xcconfig */ = {isa = PBXFileReference; includeInIndex = 1; lastKnownFileType = text.xcconfig; name = "Pods-asyncGallery.release.xcconfig"; path = "Target Support Files/Pods-asyncGallery/Pods-asyncGallery.release.xcconfig"; sourceTree = "<group>"; };
/* End PBXFileReference section */

/* Begin PBXFrameworksBuildPhase section */
		28795EFC266559BD00C969CA /* Frameworks */ = {
			isa = PBXFrameworksBuildPhase;
			buildActionMask = 2147483647;
			files = (
				7496DFAD93B23CE8B3E79315 /* Pods_asyncGallery.framework in Frameworks */,
			);
			runOnlyForDeploymentPostprocessing = 0;
		};
/* End PBXFrameworksBuildPhase section */

/* Begin PBXGroup section */
		28795EF6266559BD00C969CA = {
			isa = PBXGroup;
			children = (
				28795F01266559BD00C969CA /* asyncGallery */,
				28795F00266559BD00C969CA /* Products */,
				A60B3D76C3BAE9C41B36BEB3 /* Pods */,
				E81A085E5CB83660FDC78FDE /* Frameworks */,
			);
			sourceTree = "<group>";
		};
		28795F00266559BD00C969CA /* Products */ = {
			isa = PBXGroup;
			children = (
				28795EFF266559BD00C969CA /* asyncGallery.app */,
			);
			name = Products;
			sourceTree = "<group>";
		};
		28795F01266559BD00C969CA /* asyncGallery */ = {
			isa = PBXGroup;
			children = (
				28795F02266559BD00C969CA /* AppDelegate.swift */,
				28795F04266559BD00C969CA /* SceneDelegate.swift */,
				28795F0D266559BE00C969CA /* LaunchScreen.storyboard */,
				28795F0B266559BE00C969CA /* Assets.xcassets */,
				28795F1D26655C7A00C969CA /* View */,
				28795F1826655A3A00C969CA /* Assist */,
				28795F06266559BD00C969CA /* ViewController.swift */,
				28795F08266559BD00C969CA /* Main.storyboard */,
				28795F10266559BE00C969CA /* Info.plist */,
			);
			path = asyncGallery;
			sourceTree = "<group>";
		};
		28795F1826655A3A00C969CA /* Assist */ = {
			isa = PBXGroup;
			children = (
				28795F1926655A4600C969CA /* CommonUtils.swift */,
				28795F26266563DE00C969CA /* AsyncPhotoUtils.swift */,
			);
			path = Assist;
			sourceTree = "<group>";
		};
		28795F1D26655C7A00C969CA /* View */ = {
			isa = PBXGroup;
			children = (
				28795F2026655C9C00C969CA /* PhotoCellView.swift */,
				28795F2326655E1200C969CA /* Photo.swift */,
			);
			path = View;
			sourceTree = "<group>";
		};
		A60B3D76C3BAE9C41B36BEB3 /* Pods */ = {
			isa = PBXGroup;
			children = (
				C6FDD3952F52B91FF472996D /* Pods-asyncGallery.debug.xcconfig */,
				E4A8916C53FDAF6C2BC18B88 /* Pods-asyncGallery.release.xcconfig */,
			);
			path = Pods;
			sourceTree = "<group>";
		};
		E81A085E5CB83660FDC78FDE /* Frameworks */ = {
			isa = PBXGroup;
			children = (
				889B3D434A3B71A344867F12 /* Pods_asyncGallery.framework */,
			);
			name = Frameworks;
			sourceTree = "<group>";
		};
/* End PBXGroup section */

/* Begin PBXNativeTarget section */
		28795EFE266559BD00C969CA /* asyncGallery */ = {
			isa = PBXNativeTarget;
			buildConfigurationList = 28795F13266559BE00C969CA /* Build configuration list for PBXNativeTarget "asyncGallery" */;
			buildPhases = (
				28795F2D2665B06500C969CA /* ShellScript */,
				297E995B010FFFAB5E2ACF9D /* [CP] Check Pods Manifest.lock */,
				28795EFB266559BD00C969CA /* Sources */,
				28795EFC266559BD00C969CA /* Frameworks */,
				28795EFD266559BD00C969CA /* Resources */,
			);
			buildRules = (
			);
			dependencies = (
			);
			name = asyncGallery;
			productName = asyncGallery;
			productReference = 28795EFF266559BD00C969CA /* asyncGallery.app */;
			productType = "com.apple.product-type.application";
		};
/* End PBXNativeTarget section */

/* Begin PBXProject section */
		28795EF7266559BD00C969CA /* Project object */ = {
			isa = PBXProject;
			attributes = {
				LastSwiftUpdateCheck = 1240;
				LastUpgradeCheck = 1240;
				TargetAttributes = {
					28795EFE266559BD00C969CA = {
						CreatedOnToolsVersion = 12.4;
					};
				};
			};
			buildConfigurationList = 28795EFA266559BD00C969CA /* Build configuration list for PBXProject "asyncGallery" */;
			compatibilityVersion = "Xcode 9.3";
			developmentRegion = en;
			hasScannedForEncodings = 0;
			knownRegions = (
				en,
				Base,
			);
			mainGroup = 28795EF6266559BD00C969CA;
			productRefGroup = 28795F00266559BD00C969CA /* Products */;
			projectDirPath = "";
			projectRoot = "";
			targets = (
				28795EFE266559BD00C969CA /* asyncGallery */,
			);
		};
/* End PBXProject section */

/* Begin PBXResourcesBuildPhase section */
		28795EFD266559BD00C969CA /* Resources */ = {
			isa = PBXResourcesBuildPhase;
			buildActionMask = 2147483647;
			files = (
				28795F0F266559BE00C969CA /* LaunchScreen.storyboard in Resources */,
				28795F0C266559BE00C969CA /* Assets.xcassets in Resources */,
				28795F0A266559BD00C969CA /* Main.storyboard in Resources */,
			);
			runOnlyForDeploymentPostprocessing = 0;
		};
/* End PBXResourcesBuildPhase section */

/* Begin PBXShellScriptBuildPhase section */
		28795F2D2665B06500C969CA /* ShellScript */ = {
			isa = PBXShellScriptBuildPhase;
			buildActionMask = 2147483647;
			files = (
			);
			inputFileListPaths = (
			);
			inputPaths = (
			);
			outputFileListPaths = (
			);
			outputPaths = (
			);
			runOnlyForDeploymentPostprocessing = 0;
			shellPath = /bin/sh;
			shellScript = "${PODS_ROOT}/SwiftLint/swiftlint\n";
		};
		297E995B010FFFAB5E2ACF9D /* [CP] Check Pods Manifest.lock */ = {
			isa = PBXShellScriptBuildPhase;
			buildActionMask = 2147483647;
			files = (
			);
			inputFileListPaths = (
			);
			inputPaths = (
				"${PODS_PODFILE_DIR_PATH}/Podfile.lock",
				"${PODS_ROOT}/Manifest.lock",
			);
			name = "[CP] Check Pods Manifest.lock";
			outputFileListPaths = (
			);
			outputPaths = (
				"$(DERIVED_FILE_DIR)/Pods-asyncGallery-checkManifestLockResult.txt",
			);
			runOnlyForDeploymentPostprocessing = 0;
			shellPath = /bin/sh;
			shellScript = "diff \"${PODS_PODFILE_DIR_PATH}/Podfile.lock\" \"${PODS_ROOT}/Manifest.lock\" > /dev/null\nif [ $? != 0 ] ; then\n    # print error to STDERR\n    echo \"error: The sandbox is not in sync with the Podfile.lock. Run 'pod install' or update your CocoaPods installation.\" >&2\n    exit 1\nfi\n# This output is used by Xcode 'outputs' to avoid re-running this script phase.\necho \"SUCCESS\" > \"${SCRIPT_OUTPUT_FILE_0}\"\n";
			showEnvVarsInLog = 0;
		};
/* End PBXShellScriptBuildPhase section */

/* Begin PBXSourcesBuildPhase section */
		28795EFB266559BD00C969CA /* Sources */ = {
			isa = PBXSourcesBuildPhase;
			buildActionMask = 2147483647;
			files = (
				28795F2426655E1200C969CA /* Photo.swift in Sources */,
				28795F27266563DE00C969CA /* AsyncPhotoUtils.swift in Sources */,
				28795F2126655C9C00C969CA /* PhotoCellView.swift in Sources */,
				28795F07266559BD00C969CA /* ViewController.swift in Sources */,
				28795F03266559BD00C969CA /* AppDelegate.swift in Sources */,
				28795F1A26655A4600C969CA /* CommonUtils.swift in Sources */,
				28795F05266559BD00C969CA /* SceneDelegate.swift in Sources */,
			);
			runOnlyForDeploymentPostprocessing = 0;
		};
/* End PBXSourcesBuildPhase section */

/* Begin PBXVariantGroup section */
		28795F08266559BD00C969CA /* Main.storyboard */ = {
			isa = PBXVariantGroup;
			children = (
				28795F09266559BD00C969CA /* Base */,
			);
			name = Main.storyboard;
			sourceTree = "<group>";
		};
		28795F0D266559BE00C969CA /* LaunchScreen.storyboard */ = {
			isa = PBXVariantGroup;
			children = (
				28795F0E266559BE00C969CA /* Base */,
			);
			name = LaunchScreen.storyboard;
			sourceTree = "<group>";
		};
/* End PBXVariantGroup section */

/* Begin XCBuildConfiguration section */
		28795F11266559BE00C969CA /* Debug */ = {
			isa = XCBuildConfiguration;
			buildSettings = {
				ALWAYS_SEARCH_USER_PATHS = NO;
				CLANG_ANALYZER_NONNULL = YES;
				CLANG_ANALYZER_NUMBER_OBJECT_CONVERSION = YES_AGGRESSIVE;
				CLANG_CXX_LANGUAGE_STANDARD = "gnu++14";
				CLANG_CXX_LIBRARY = "libc++";
				CLANG_ENABLE_MODULES = YES;
				CLANG_ENABLE_OBJC_ARC = YES;
				CLANG_ENABLE_OBJC_WEAK = YES;
				CLANG_WARN_BLOCK_CAPTURE_AUTORELEASING = YES;
				CLANG_WARN_BOOL_CONVERSION = YES;
				CLANG_WARN_COMMA = YES;
				CLANG_WARN_CONSTANT_CONVERSION = YES;
				CLANG_WARN_DEPRECATED_OBJC_IMPLEMENTATIONS = YES;
				CLANG_WARN_DIRECT_OBJC_ISA_USAGE = YES_ERROR;
				CLANG_WARN_DOCUMENTATION_COMMENTS = YES;
				CLANG_WARN_EMPTY_BODY = YES;
				CLANG_WARN_ENUM_CONVERSION = YES;
				CLANG_WARN_INFINITE_RECURSION = YES;
				CLANG_WARN_INT_CONVERSION = YES;
				CLANG_WARN_NON_LITERAL_NULL_CONVERSION = YES;
				CLANG_WARN_OBJC_IMPLICIT_RETAIN_SELF = YES;
				CLANG_WARN_OBJC_LITERAL_CONVERSION = YES;
				CLANG_WARN_OBJC_ROOT_CLASS = YES_ERROR;
				CLANG_WARN_QUOTED_INCLUDE_IN_FRAMEWORK_HEADER = YES;
				CLANG_WARN_RANGE_LOOP_ANALYSIS = YES;
				CLANG_WARN_STRICT_PROTOTYPES = YES;
				CLANG_WARN_SUSPICIOUS_MOVE = YES;
				CLANG_WARN_UNGUARDED_AVAILABILITY = YES_AGGRESSIVE;
				CLANG_WARN_UNREACHABLE_CODE = YES;
				CLANG_WARN__DUPLICATE_METHOD_MATCH = YES;
				COPY_PHASE_STRIP = NO;
				DEBUG_INFORMATION_FORMAT = dwarf;
				ENABLE_STRICT_OBJC_MSGSEND = YES;
				ENABLE_TESTABILITY = YES;
				GCC_C_LANGUAGE_STANDARD = gnu11;
				GCC_DYNAMIC_NO_PIC = NO;
				GCC_NO_COMMON_BLOCKS = YES;
				GCC_OPTIMIZATION_LEVEL = 0;
				GCC_PREPROCESSOR_DEFINITIONS = (
					"DEBUG=1",
					"$(inherited)",
				);
				GCC_WARN_64_TO_32_BIT_CONVERSION = YES;
				GCC_WARN_ABOUT_RETURN_TYPE = YES_ERROR;
				GCC_WARN_UNDECLARED_SELECTOR = YES;
				GCC_WARN_UNINITIALIZED_AUTOS = YES_AGGRESSIVE;
				GCC_WARN_UNUSED_FUNCTION = YES;
				GCC_WARN_UNUSED_VARIABLE = YES;
				IPHONEOS_DEPLOYMENT_TARGET = 14.4;
				MTL_ENABLE_DEBUG_INFO = INCLUDE_SOURCE;
				MTL_FAST_MATH = YES;
				ONLY_ACTIVE_ARCH = YES;
				SDKROOT = iphoneos;
				SWIFT_ACTIVE_COMPILATION_CONDITIONS = DEBUG;
				SWIFT_OPTIMIZATION_LEVEL = "-Onone";
			};
			name = Debug;
		};
		28795F12266559BE00C969CA /* Release */ = {
			isa = XCBuildConfiguration;
			buildSettings = {
				ALWAYS_SEARCH_USER_PATHS = NO;
				CLANG_ANALYZER_NONNULL = YES;
				CLANG_ANALYZER_NUMBER_OBJECT_CONVERSION = YES_AGGRESSIVE;
				CLANG_CXX_LANGUAGE_STANDARD = "gnu++14";
				CLANG_CXX_LIBRARY = "libc++";
				CLANG_ENABLE_MODULES = YES;
				CLANG_ENABLE_OBJC_ARC = YES;
				CLANG_ENABLE_OBJC_WEAK = YES;
				CLANG_WARN_BLOCK_CAPTURE_AUTORELEASING = YES;
				CLANG_WARN_BOOL_CONVERSION = YES;
				CLANG_WARN_COMMA = YES;
				CLANG_WARN_CONSTANT_CONVERSION = YES;
				CLANG_WARN_DEPRECATED_OBJC_IMPLEMENTATIONS = YES;
				CLANG_WARN_DIRECT_OBJC_ISA_USAGE = YES_ERROR;
				CLANG_WARN_DOCUMENTATION_COMMENTS = YES;
				CLANG_WARN_EMPTY_BODY = YES;
				CLANG_WARN_ENUM_CONVERSION = YES;
				CLANG_WARN_INFINITE_RECURSION = YES;
				CLANG_WARN_INT_CONVERSION = YES;
				CLANG_WARN_NON_LITERAL_NULL_CONVERSION = YES;
				CLANG_WARN_OBJC_IMPLICIT_RETAIN_SELF = YES;
				CLANG_WARN_OBJC_LITERAL_CONVERSION = YES;
				CLANG_WARN_OBJC_ROOT_CLASS = YES_ERROR;
				CLANG_WARN_QUOTED_INCLUDE_IN_FRAMEWORK_HEADER = YES;
				CLANG_WARN_RANGE_LOOP_ANALYSIS = YES;
				CLANG_WARN_STRICT_PROTOTYPES = YES;
				CLANG_WARN_SUSPICIOUS_MOVE = YES;
				CLANG_WARN_UNGUARDED_AVAILABILITY = YES_AGGRESSIVE;
				CLANG_WARN_UNREACHABLE_CODE = YES;
				CLANG_WARN__DUPLICATE_METHOD_MATCH = YES;
				COPY_PHASE_STRIP = NO;
				DEBUG_INFORMATION_FORMAT = "dwarf-with-dsym";
				ENABLE_NS_ASSERTIONS = NO;
				ENABLE_STRICT_OBJC_MSGSEND = YES;
				GCC_C_LANGUAGE_STANDARD = gnu11;
				GCC_NO_COMMON_BLOCKS = YES;
				GCC_WARN_64_TO_32_BIT_CONVERSION = YES;
				GCC_WARN_ABOUT_RETURN_TYPE = YES_ERROR;
				GCC_WARN_UNDECLARED_SELECTOR = YES;
				GCC_WARN_UNINITIALIZED_AUTOS = YES_AGGRESSIVE;
				GCC_WARN_UNUSED_FUNCTION = YES;
				GCC_WARN_UNUSED_VARIABLE = YES;
				IPHONEOS_DEPLOYMENT_TARGET = 14.4;
				MTL_ENABLE_DEBUG_INFO = NO;
				MTL_FAST_MATH = YES;
				SDKROOT = iphoneos;
				SWIFT_COMPILATION_MODE = wholemodule;
				SWIFT_OPTIMIZATION_LEVEL = "-O";
				VALIDATE_PRODUCT = YES;
			};
			name = Release;
		};
		28795F14266559BE00C969CA /* Debug */ = {
			isa = XCBuildConfiguration;
			baseConfigurationReference = C6FDD3952F52B91FF472996D /* Pods-asyncGallery.debug.xcconfig */;
			buildSettings = {
				ASSETCATALOG_COMPILER_APPICON_NAME = AppIcon;
				ASSETCATALOG_COMPILER_GLOBAL_ACCENT_COLOR_NAME = AccentColor;
				CODE_SIGN_STYLE = Automatic;
				DEVELOPMENT_TEAM = 6762K7P32G;
				INFOPLIST_FILE = asyncGallery/Info.plist;
				LD_RUNPATH_SEARCH_PATHS = (
					"$(inherited)",
					"@executable_path/Frameworks",
				);
				PRODUCT_BUNDLE_IDENTIFIER = com.swamnxstudio.asyncGallery;
				PRODUCT_NAME = "$(TARGET_NAME)";
				SWIFT_VERSION = 5.0;
				TARGETED_DEVICE_FAMILY = "1,2";
			};
			name = Debug;
		};
		28795F15266559BE00C969CA /* Release */ = {
			isa = XCBuildConfiguration;
			baseConfigurationReference = E4A8916C53FDAF6C2BC18B88 /* Pods-asyncGallery.release.xcconfig */;
			buildSettings = {
				ASSETCATALOG_COMPILER_APPICON_NAME = AppIcon;
				ASSETCATALOG_COMPILER_GLOBAL_ACCENT_COLOR_NAME = AccentColor;
				CODE_SIGN_STYLE = Automatic;
				DEVELOPMENT_TEAM = 6762K7P32G;
				INFOPLIST_FILE = asyncGallery/Info.plist;
				LD_RUNPATH_SEARCH_PATHS = (
					"$(inherited)",
					"@executable_path/Frameworks",
				);
				PRODUCT_BUNDLE_IDENTIFIER = com.swamnxstudio.asyncGallery;
				PRODUCT_NAME = "$(TARGET_NAME)";
				SWIFT_VERSION = 5.0;
				TARGETED_DEVICE_FAMILY = "1,2";
			};
			name = Release;
		};
/* End XCBuildConfiguration section */

/* Begin XCConfigurationList section */
		28795EFA266559BD00C969CA /* Build configuration list for PBXProject "asyncGallery" */ = {
			isa = XCConfigurationList;
			buildConfigurations = (
				28795F11266559BE00C969CA /* Debug */,
				28795F12266559BE00C969CA /* Release */,
			);
			defaultConfigurationIsVisible = 0;
			defaultConfigurationName = Release;
		};
		28795F13266559BE00C969CA /* Build configuration list for PBXNativeTarget "asyncGallery" */ = {
			isa = XCConfigurationList;
			buildConfigurations = (
				28795F14266559BE00C969CA /* Debug */,
				28795F15266559BE00C969CA /* Release */,
			);
			defaultConfigurationIsVisible = 0;
			defaultConfigurationName = Release;
		};
/* End XCConfigurationList section */
	};
	rootObject = 28795EF7266559BD00C969CA /* Project object */;
}
